// !$*UTF8*$!
{
	archiveVersion = 1;
	classes = {
	};
	objectVersion = 46;
	objects = {

/* Begin PBXBuildFile section */
		A9179B8686128AB6A8C5E36F /* Pods_firebase_social_project.framework in Frameworks */ = {isa = PBXBuildFile; fileRef = 3679B6403F4151AFE6AA750A /* Pods_firebase_social_project.framework */; };
		FC16C0621F24738A002C896E /* AppDelegate.swift in Sources */ = {isa = PBXBuildFile; fileRef = FC16C0611F24738A002C896E /* AppDelegate.swift */; };
		FC16C0641F24738A002C896E /* SignInVC.swift in Sources */ = {isa = PBXBuildFile; fileRef = FC16C0631F24738A002C896E /* SignInVC.swift */; };
		FC16C0671F24738A002C896E /* Main.storyboard in Resources */ = {isa = PBXBuildFile; fileRef = FC16C0651F24738A002C896E /* Main.storyboard */; };
		FC16C0691F24738A002C896E /* Assets.xcassets in Resources */ = {isa = PBXBuildFile; fileRef = FC16C0681F24738A002C896E /* Assets.xcassets */; };
		FC16C06C1F24738A002C896E /* LaunchScreen.storyboard in Resources */ = {isa = PBXBuildFile; fileRef = FC16C06A1F24738A002C896E /* LaunchScreen.storyboard */; };
		FCB516571F28D4ED00DA20FC /* nextVC.swift in Sources */ = {isa = PBXBuildFile; fileRef = FCB516561F28D4ED00DA20FC /* nextVC.swift */; };
		FCB516591F28D58100DA20FC /* finalVC.swift in Sources */ = {isa = PBXBuildFile; fileRef = FCB516581F28D58100DA20FC /* finalVC.swift */; };
		FCD5506D1F248A1500F5D8D4 /* GoogleService-Info.plist in Resources */ = {isa = PBXBuildFile; fileRef = FCD5506C1F248A1500F5D8D4 /* GoogleService-Info.plist */; };
		FCD550731F25595700F5D8D4 /* FancyView.swift in Sources */ = {isa = PBXBuildFile; fileRef = FCD550721F25595700F5D8D4 /* FancyView.swift */; };
		FCD550761F255AAA00F5D8D4 /* Constants.swift in Sources */ = {isa = PBXBuildFile; fileRef = FCD550751F255AAA00F5D8D4 /* Constants.swift */; };
		FCEF8B102030F67D00CE21F3 /* RoundBtn.swift in Sources */ = {isa = PBXBuildFile; fileRef = FCEF8B0F2030F67D00CE21F3 /* RoundBtn.swift */; };
		FCEF8B122030F80000CE21F3 /* FancyField.swift in Sources */ = {isa = PBXBuildFile; fileRef = FCEF8B112030F80000CE21F3 /* FancyField.swift */; };
		FCEF8B142030F90200CE21F3 /* FancyBtn.swift in Sources */ = {isa = PBXBuildFile; fileRef = FCEF8B132030F90200CE21F3 /* FancyBtn.swift */; };
/* End PBXBuildFile section */

/* Begin PBXFileReference section */
		3679B6403F4151AFE6AA750A /* Pods_firebase_social_project.framework */ = {isa = PBXFileReference; explicitFileType = wrapper.framework; includeInIndex = 0; path = Pods_firebase_social_project.framework; sourceTree = BUILT_PRODUCTS_DIR; };
		A4299E7C64C1948008BF8D5F /* Pods-firebase-social-project.debug.xcconfig */ = {isa = PBXFileReference; includeInIndex = 1; lastKnownFileType = text.xcconfig; name = "Pods-firebase-social-project.debug.xcconfig"; path = "Pods/Target Support Files/Pods-firebase-social-project/Pods-firebase-social-project.debug.xcconfig"; sourceTree = "<group>"; };
		B7BC59126A62384F681D3A90 /* Pods-firebase-social-project.release.xcconfig */ = {isa = PBXFileReference; includeInIndex = 1; lastKnownFileType = text.xcconfig; name = "Pods-firebase-social-project.release.xcconfig"; path = "Pods/Target Support Files/Pods-firebase-social-project/Pods-firebase-social-project.release.xcconfig"; sourceTree = "<group>"; };
		FC16C05E1F24738A002C896E /* firebase-social-project.app */ = {isa = PBXFileReference; explicitFileType = wrapper.application; includeInIndex = 0; path = "firebase-social-project.app"; sourceTree = BUILT_PRODUCTS_DIR; };
		FC16C0611F24738A002C896E /* AppDelegate.swift */ = {isa = PBXFileReference; lastKnownFileType = sourcecode.swift; path = AppDelegate.swift; sourceTree = "<group>"; };
		FC16C0631F24738A002C896E /* SignInVC.swift */ = {isa = PBXFileReference; lastKnownFileType = sourcecode.swift; path = SignInVC.swift; sourceTree = "<group>"; };
		FC16C0661F24738A002C896E /* Base */ = {isa = PBXFileReference; lastKnownFileType = file.storyboard; name = Base; path = Base.lproj/Main.storyboard; sourceTree = "<group>"; };
		FC16C0681F24738A002C896E /* Assets.xcassets */ = {isa = PBXFileReference; lastKnownFileType = folder.assetcatalog; path = Assets.xcassets; sourceTree = "<group>"; };
		FC16C06B1F24738A002C896E /* Base */ = {isa = PBXFileReference; lastKnownFileType = file.storyboard; name = Base; path = Base.lproj/LaunchScreen.storyboard; sourceTree = "<group>"; };
		FC16C06D1F24738A002C896E /* Info.plist */ = {isa = PBXFileReference; lastKnownFileType = text.plist.xml; path = Info.plist; sourceTree = "<group>"; };
		FCB516561F28D4ED00DA20FC /* nextVC.swift */ = {isa = PBXFileReference; fileEncoding = 4; lastKnownFileType = sourcecode.swift; path = nextVC.swift; sourceTree = "<group>"; };
		FCB516581F28D58100DA20FC /* finalVC.swift */ = {isa = PBXFileReference; fileEncoding = 4; lastKnownFileType = sourcecode.swift; path = finalVC.swift; sourceTree = "<group>"; };
		FCD5506C1F248A1500F5D8D4 /* GoogleService-Info.plist */ = {isa = PBXFileReference; fileEncoding = 4; lastKnownFileType = text.plist.xml; path = "GoogleService-Info.plist"; sourceTree = "<group>"; };
		FCD550711F2542CF00F5D8D4 /* firebase-social-project.entitlements */ = {isa = PBXFileReference; lastKnownFileType = text.plist.entitlements; path = "firebase-social-project.entitlements"; sourceTree = "<group>"; };
		FCD550721F25595700F5D8D4 /* FancyView.swift */ = {isa = PBXFileReference; fileEncoding = 4; lastKnownFileType = sourcecode.swift; path = FancyView.swift; sourceTree = "<group>"; };
		FCD550751F255AAA00F5D8D4 /* Constants.swift */ = {isa = PBXFileReference; fileEncoding = 4; lastKnownFileType = sourcecode.swift; path = Constants.swift; sourceTree = "<group>"; };
		FCEF8B0F2030F67D00CE21F3 /* RoundBtn.swift */ = {isa = PBXFileReference; lastKnownFileType = sourcecode.swift; path = RoundBtn.swift; sourceTree = "<group>"; };
		FCEF8B112030F80000CE21F3 /* FancyField.swift */ = {isa = PBXFileReference; lastKnownFileType = sourcecode.swift; path = FancyField.swift; sourceTree = "<group>"; };
		FCEF8B132030F90200CE21F3 /* FancyBtn.swift */ = {isa = PBXFileReference; lastKnownFileType = sourcecode.swift; path = FancyBtn.swift; sourceTree = "<group>"; };
/* End PBXFileReference section */

/* Begin PBXFrameworksBuildPhase section */
		FC16C05B1F24738A002C896E /* Frameworks */ = {
			isa = PBXFrameworksBuildPhase;
			buildActionMask = 2147483647;
			files = (
				A9179B8686128AB6A8C5E36F /* Pods_firebase_social_project.framework in Frameworks */,
			);
			runOnlyForDeploymentPostprocessing = 0;
		};
/* End PBXFrameworksBuildPhase section */

/* Begin PBXGroup section */
		085F01B84CB453A9686008AD /* Pods */ = {
			isa = PBXGroup;
			children = (
				A4299E7C64C1948008BF8D5F /* Pods-firebase-social-project.debug.xcconfig */,
				B7BC59126A62384F681D3A90 /* Pods-firebase-social-project.release.xcconfig */,
			);
			name = Pods;
			sourceTree = "<group>";
		};
		37B54B017D69FD67427637BC /* Frameworks */ = {
			isa = PBXGroup;
			children = (
				3679B6403F4151AFE6AA750A /* Pods_firebase_social_project.framework */,
			);
			name = Frameworks;
			sourceTree = "<group>";
		};
		FC16C0551F24738A002C896E = {
			isa = PBXGroup;
			children = (
				FC16C0601F24738A002C896E /* firebase-social-project */,
				FC16C05F1F24738A002C896E /* Products */,
				085F01B84CB453A9686008AD /* Pods */,
				37B54B017D69FD67427637BC /* Frameworks */,
			);
			sourceTree = "<group>";
		};
		FC16C05F1F24738A002C896E /* Products */ = {
			isa = PBXGroup;
			children = (
				FC16C05E1F24738A002C896E /* firebase-social-project.app */,
			);
			name = Products;
			sourceTree = "<group>";
		};
		FC16C0601F24738A002C896E /* firebase-social-project */ = {
			isa = PBXGroup;
			children = (
				FCD550741F255A8D00F5D8D4 /* Util */,
				FCD550711F2542CF00F5D8D4 /* firebase-social-project.entitlements */,
				FCD550701F248C9200F5D8D4 /* Controller */,
				FCD5506F1F248C8700F5D8D4 /* View */,
				FCD5506E1F248C7B00F5D8D4 /* Model */,
				FC16C0611F24738A002C896E /* AppDelegate.swift */,
				FC16C0651F24738A002C896E /* Main.storyboard */,
				FC16C0681F24738A002C896E /* Assets.xcassets */,
				FC16C06A1F24738A002C896E /* LaunchScreen.storyboard */,
				FC16C06D1F24738A002C896E /* Info.plist */,
				FCD5506C1F248A1500F5D8D4 /* GoogleService-Info.plist */,
			);
			path = "firebase-social-project";
			sourceTree = "<group>";
		};
		FCD5506E1F248C7B00F5D8D4 /* Model */ = {
			isa = PBXGroup;
			children = (
			);
			name = Model;
			sourceTree = "<group>";
		};
		FCD5506F1F248C8700F5D8D4 /* View */ = {
			isa = PBXGroup;
			children = (
				FCD550721F25595700F5D8D4 /* FancyView.swift */,
				FCEF8B0F2030F67D00CE21F3 /* RoundBtn.swift */,
				FCEF8B112030F80000CE21F3 /* FancyField.swift */,
				FCEF8B132030F90200CE21F3 /* FancyBtn.swift */,
			);
			name = View;
			sourceTree = "<group>";
		};
		FCD550701F248C9200F5D8D4 /* Controller */ = {
			isa = PBXGroup;
			children = (
				FC16C0631F24738A002C896E /* SignInVC.swift */,
				FCB516561F28D4ED00DA20FC /* nextVC.swift */,
				FCB516581F28D58100DA20FC /* finalVC.swift */,
			);
			name = Controller;
			sourceTree = "<group>";
		};
		FCD550741F255A8D00F5D8D4 /* Util */ = {
			isa = PBXGroup;
			children = (
				FCD550751F255AAA00F5D8D4 /* Constants.swift */,
			);
			name = Util;
			sourceTree = "<group>";
		};
/* End PBXGroup section */

/* Begin PBXNativeTarget section */
		FC16C05D1F24738A002C896E /* firebase-social-project */ = {
			isa = PBXNativeTarget;
			buildConfigurationList = FC16C0701F24738A002C896E /* Build configuration list for PBXNativeTarget "firebase-social-project" */;
			buildPhases = (
				FE5F39363486DCCBE2996308 /* [CP] Check Pods Manifest.lock */,
				FC16C05A1F24738A002C896E /* Sources */,
				FC16C05B1F24738A002C896E /* Frameworks */,
				FC16C05C1F24738A002C896E /* Resources */,
				C26B26BB4F9A9D21D86AD2D9 /* [CP] Embed Pods Frameworks */,
				E526BC7FF16891C1A54FCE63 /* [CP] Copy Pods Resources */,
			);
			buildRules = (
			);
			dependencies = (
			);
			name = "firebase-social-project";
			productName = "firebase-social-project";
			productReference = FC16C05E1F24738A002C896E /* firebase-social-project.app */;
			productType = "com.apple.product-type.application";
		};
/* End PBXNativeTarget section */

/* Begin PBXProject section */
		FC16C0561F24738A002C896E /* Project object */ = {
			isa = PBXProject;
			attributes = {
				LastSwiftUpdateCheck = 0830;
				LastUpgradeCheck = 0830;
				ORGANIZATIONNAME = "Ishil Puri";
				TargetAttributes = {
					FC16C05D1F24738A002C896E = {
						CreatedOnToolsVersion = 8.3.3;
						DevelopmentTeam = N4YYYHBZX5;
						ProvisioningStyle = Automatic;
						SystemCapabilities = {
							com.apple.Keychain = {
								enabled = 1;
							};
						};
					};
				};
			};
			buildConfigurationList = FC16C0591F24738A002C896E /* Build configuration list for PBXProject "firebase-social-project" */;
			compatibilityVersion = "Xcode 3.2";
			developmentRegion = English;
			hasScannedForEncodings = 0;
			knownRegions = (
				en,
				Base,
			);
			mainGroup = FC16C0551F24738A002C896E;
			productRefGroup = FC16C05F1F24738A002C896E /* Products */;
			projectDirPath = "";
			projectRoot = "";
			targets = (
				FC16C05D1F24738A002C896E /* firebase-social-project */,
			);
		};
/* End PBXProject section */

/* Begin PBXResourcesBuildPhase section */
		FC16C05C1F24738A002C896E /* Resources */ = {
			isa = PBXResourcesBuildPhase;
			buildActionMask = 2147483647;
			files = (
				FC16C06C1F24738A002C896E /* LaunchScreen.storyboard in Resources */,
				FCD5506D1F248A1500F5D8D4 /* GoogleService-Info.plist in Resources */,
				FC16C0691F24738A002C896E /* Assets.xcassets in Resources */,
				FC16C0671F24738A002C896E /* Main.storyboard in Resources */,
			);
			runOnlyForDeploymentPostprocessing = 0;
		};
/* End PBXResourcesBuildPhase section */

/* Begin PBXShellScriptBuildPhase section */
		C26B26BB4F9A9D21D86AD2D9 /* [CP] Embed Pods Frameworks */ = {
			isa = PBXShellScriptBuildPhase;
			buildActionMask = 2147483647;
			files = (
			);
			inputPaths = (
			);
			name = "[CP] Embed Pods Frameworks";
			outputPaths = (
			);
			runOnlyForDeploymentPostprocessing = 0;
			shellPath = /bin/sh;
			shellScript = "\"${SRCROOT}/Pods/Target Support Files/Pods-firebase-social-project/Pods-firebase-social-project-frameworks.sh\"\n";
			showEnvVarsInLog = 0;
		};
		E526BC7FF16891C1A54FCE63 /* [CP] Copy Pods Resources */ = {
			isa = PBXShellScriptBuildPhase;
			buildActionMask = 2147483647;
			files = (
			);
			inputPaths = (
			);
			name = "[CP] Copy Pods Resources";
			outputPaths = (
			);
			runOnlyForDeploymentPostprocessing = 0;
			shellPath = /bin/sh;
			shellScript = "\"${SRCROOT}/Pods/Target Support Files/Pods-firebase-social-project/Pods-firebase-social-project-resources.sh\"\n";
			showEnvVarsInLog = 0;
		};
		FE5F39363486DCCBE2996308 /* [CP] Check Pods Manifest.lock */ = {
			isa = PBXShellScriptBuildPhase;
			buildActionMask = 2147483647;
			files = (
			);
			inputPaths = (
			);
			name = "[CP] Check Pods Manifest.lock";
			outputPaths = (
			);
			runOnlyForDeploymentPostprocessing = 0;
			shellPath = /bin/sh;
			shellScript = "diff \"${PODS_PODFILE_DIR_PATH}/Podfile.lock\" \"${PODS_ROOT}/Manifest.lock\" > /dev/null\nif [ $? != 0 ] ; then\n    # print error to STDERR\n    echo \"error: The sandbox is not in sync with the Podfile.lock. Run 'pod install' or update your CocoaPods installation.\" >&2\n    exit 1\nfi\n";
			showEnvVarsInLog = 0;
		};
/* End PBXShellScriptBuildPhase section */

/* Begin PBXSourcesBuildPhase section */
		FC16C05A1F24738A002C896E /* Sources */ = {
			isa = PBXSourcesBuildPhase;
			buildActionMask = 2147483647;
			files = (
				FCEF8B122030F80000CE21F3 /* FancyField.swift in Sources */,
				FC16C0641F24738A002C896E /* SignInVC.swift in Sources */,
				FCEF8B102030F67D00CE21F3 /* RoundBtn.swift in Sources */,
				FC16C0621F24738A002C896E /* AppDelegate.swift in Sources */,
				FCD550731F25595700F5D8D4 /* FancyView.swift in Sources */,
				FCB516591F28D58100DA20FC /* finalVC.swift in Sources */,
				FCEF8B142030F90200CE21F3 /* FancyBtn.swift in Sources */,
				FCB516571F28D4ED00DA20FC /* nextVC.swift in Sources */,
				FCD550761F255AAA00F5D8D4 /* Constants.swift in Sources */,
			);
			runOnlyForDeploymentPostprocessing = 0;
		};
/* End PBXSourcesBuildPhase section */

/* Begin PBXVariantGroup section */
		FC16C0651F24738A002C896E /* Main.storyboard */ = {
			isa = PBXVariantGroup;
			children = (
				FC16C0661F24738A002C896E /* Base */,
			);
			name = Main.storyboard;
			sourceTree = "<group>";
		};
		FC16C06A1F24738A002C896E /* LaunchScreen.storyboard */ = {
			isa = PBXVariantGroup;
			children = (
				FC16C06B1F24738A002C896E /* Base */,
			);
			name = LaunchScreen.storyboard;
			sourceTree = "<group>";
		};
/* End PBXVariantGroup section */

/* Begin XCBuildConfiguration section */
		FC16C06E1F24738A002C896E /* Debug */ = {
			isa = XCBuildConfiguration;
			buildSettings = {
				ALWAYS_SEARCH_USER_PATHS = NO;
				CLANG_ANALYZER_NONNULL = YES;
				CLANG_ANALYZER_NUMBER_OBJECT_CONVERSION = YES_AGGRESSIVE;
				CLANG_CXX_LANGUAGE_STANDARD = "gnu++0x";
				CLANG_CXX_LIBRARY = "libc++";
				CLANG_ENABLE_MODULES = YES;
				CLANG_ENABLE_OBJC_ARC = YES;
				CLANG_WARN_BOOL_CONVERSION = YES;
				CLANG_WARN_CONSTANT_CONVERSION = YES;
				CLANG_WARN_DIRECT_OBJC_ISA_USAGE = YES_ERROR;
				CLANG_WARN_DOCUMENTATION_COMMENTS = YES;
				CLANG_WARN_EMPTY_BODY = YES;
				CLANG_WARN_ENUM_CONVERSION = YES;
				CLANG_WARN_INFINITE_RECURSION = YES;
				CLANG_WARN_INT_CONVERSION = YES;
				CLANG_WARN_OBJC_ROOT_CLASS = YES_ERROR;
				CLANG_WARN_SUSPICIOUS_MOVE = YES;
				CLANG_WARN_UNREACHABLE_CODE = YES;
				CLANG_WARN__DUPLICATE_METHOD_MATCH = YES;
				"CODE_SIGN_IDENTITY[sdk=iphoneos*]" = "iPhone Developer";
				COPY_PHASE_STRIP = NO;
				DEBUG_INFORMATION_FORMAT = dwarf;
				ENABLE_STRICT_OBJC_MSGSEND = YES;
				ENABLE_TESTABILITY = YES;
				GCC_C_LANGUAGE_STANDARD = gnu99;
				GCC_DYNAMIC_NO_PIC = NO;
				GCC_NO_COMMON_BLOCKS = YES;
				GCC_OPTIMIZATION_LEVEL = 0;
				GCC_PREPROCESSOR_DEFINITIONS = (
					"DEBUG=1",
					"$(inherited)",
				);
				GCC_WARN_64_TO_32_BIT_CONVERSION = YES;
				GCC_WARN_ABOUT_RETURN_TYPE = YES_ERROR;
				GCC_WARN_UNDECLARED_SELECTOR = YES;
				GCC_WARN_UNINITIALIZED_AUTOS = YES_AGGRESSIVE;
				GCC_WARN_UNUSED_FUNCTION = YES;
				GCC_WARN_UNUSED_VARIABLE = YES;
				IPHONEOS_DEPLOYMENT_TARGET = 10.3;
				MTL_ENABLE_DEBUG_INFO = YES;
				ONLY_ACTIVE_ARCH = YES;
				SDKROOT = iphoneos;
				SWIFT_ACTIVE_COMPILATION_CONDITIONS = DEBUG;
				SWIFT_OPTIMIZATION_LEVEL = "-Onone";
				TARGETED_DEVICE_FAMILY = "1,2";
			};
			name = Debug;
		};
		FC16C06F1F24738A002C896E /* Release */ = {
			isa = XCBuildConfiguration;
			buildSettings = {
				ALWAYS_SEARCH_USER_PATHS = NO;
				CLANG_ANALYZER_NONNULL = YES;
				CLANG_ANALYZER_NUMBER_OBJECT_CONVERSION = YES_AGGRESSIVE;
				CLANG_CXX_LANGUAGE_STANDARD = "gnu++0x";
				CLANG_CXX_LIBRARY = "libc++";
				CLANG_ENABLE_MODULES = YES;
				CLANG_ENABLE_OBJC_ARC = YES;
				CLANG_WARN_BOOL_CONVERSION = YES;
				CLANG_WARN_CONSTANT_CONVERSION = YES;
				CLANG_WARN_DIRECT_OBJC_ISA_USAGE = YES_ERROR;
				CLANG_WARN_DOCUMENTATION_COMMENTS = YES;
				CLANG_WARN_EMPTY_BODY = YES;
				CLANG_WARN_ENUM_CONVERSION = YES;
				CLANG_WARN_INFINITE_RECURSION = YES;
				CLANG_WARN_INT_CONVERSION = YES;
				CLANG_WARN_OBJC_ROOT_CLASS = YES_ERROR;
				CLANG_WARN_SUSPICIOUS_MOVE = YES;
				CLANG_WARN_UNREACHABLE_CODE = YES;
				CLANG_WARN__DUPLICATE_METHOD_MATCH = YES;
				"CODE_SIGN_IDENTITY[sdk=iphoneos*]" = "iPhone Developer";
				COPY_PHASE_STRIP = NO;
				DEBUG_INFORMATION_FORMAT = "dwarf-with-dsym";
				ENABLE_NS_ASSERTIONS = NO;
				ENABLE_STRICT_OBJC_MSGSEND = YES;
				GCC_C_LANGUAGE_STANDARD = gnu99;
				GCC_NO_COMMON_BLOCKS = YES;
				GCC_WARN_64_TO_32_BIT_CONVERSION = YES;
				GCC_WARN_ABOUT_RETURN_TYPE = YES_ERROR;
				GCC_WARN_UNDECLARED_SELECTOR = YES;
				GCC_WARN_UNINITIALIZED_AUTOS = YES_AGGRESSIVE;
				GCC_WARN_UNUSED_FUNCTION = YES;
				GCC_WARN_UNUSED_VARIABLE = YES;
				IPHONEOS_DEPLOYMENT_TARGET = 10.3;
				MTL_ENABLE_DEBUG_INFO = NO;
				SDKROOT = iphoneos;
				SWIFT_OPTIMIZATION_LEVEL = "-Owholemodule";
				TARGETED_DEVICE_FAMILY = "1,2";
				VALIDATE_PRODUCT = YES;
			};
			name = Release;
		};
		FC16C0711F24738A002C896E /* Debug */ = {
			isa = XCBuildConfiguration;
			baseConfigurationReference = A4299E7C64C1948008BF8D5F /* Pods-firebase-social-project.debug.xcconfig */;
			buildSettings = {
				ASSETCATALOG_COMPILER_APPICON_NAME = AppIcon;
				CODE_SIGN_ENTITLEMENTS = "firebase-social-project/firebase-social-project.entitlements";
				DEVELOPMENT_TEAM = N4YYYHBZX5;
				INFOPLIST_FILE = "firebase-social-project/Info.plist";
				LD_RUNPATH_SEARCH_PATHS = "$(inherited) @executable_path/Frameworks";
				PRODUCT_BUNDLE_IDENTIFIER = "com.Puri-Inc.firebase-social-project";
				PRODUCT_NAME = "$(TARGET_NAME)";
				SWIFT_VERSION = 3.0;
			};
			name = Debug;
		};
		FC16C0721F24738A002C896E /* Release */ = {
			isa = XCBuildConfiguration;
			baseConfigurationReference = B7BC59126A62384F681D3A90 /* Pods-firebase-social-project.release.xcconfig */;
			buildSettings = {
				ASSETCATALOG_COMPILER_APPICON_NAME = AppIcon;
				CODE_SIGN_ENTITLEMENTS = "firebase-social-project/firebase-social-project.entitlements";
				DEVELOPMENT_TEAM = N4YYYHBZX5;
				INFOPLIST_FILE = "firebase-social-project/Info.plist";
				LD_RUNPATH_SEARCH_PATHS = "$(inherited) @executable_path/Frameworks";
				PRODUCT_BUNDLE_IDENTIFIER = "com.Puri-Inc.firebase-social-project";
				PRODUCT_NAME = "$(TARGET_NAME)";
				SWIFT_VERSION = 3.0;
			};
			name = Release;
		};
/* End XCBuildConfiguration section */

/* Begin XCConfigurationList section */
		FC16C0591F24738A002C896E /* Build configuration list for PBXProject "firebase-social-project" */ = {
			isa = XCConfigurationList;
			buildConfigurations = (
				FC16C06E1F24738A002C896E /* Debug */,
				FC16C06F1F24738A002C896E /* Release */,
			);
			defaultConfigurationIsVisible = 0;
			defaultConfigurationName = Release;
		};
		FC16C0701F24738A002C896E /* Build configuration list for PBXNativeTarget "firebase-social-project" */ = {
			isa = XCConfigurationList;
			buildConfigurations = (
				FC16C0711F24738A002C896E /* Debug */,
				FC16C0721F24738A002C896E /* Release */,
			);
			defaultConfigurationIsVisible = 0;
			defaultConfigurationName = Release;
		};
/* End XCConfigurationList section */
	};
	rootObject = FC16C0561F24738A002C896E /* Project object */;
}
